
Microsoft Visual Studio Solution File, Format Version 12.00
# Visual Studio Version 17
VisualStudioVersion = 17.5.33424.131
MinimumVisualStudioVersion = 10.0.40219.1
Project("{FAE04EC0-301F-11D3-BF4B-00C04F79EFBC}") = "Holiday_Task", "Holiday_Task\Holiday_Task.csproj", "{D414F42C-A667-4E72-B7AE-0218120CB40E}"
EndProject
Global
	GlobalSection(SolutionConfigurationPlatforms) = preSolution
		Debug|Any CPU = Debug|Any CPU
		Release|Any CPU = Release|Any CPU
	EndGlobalSection
	GlobalSection(ProjectConfigurationPlatforms) = postSolution
		{D414F42C-A667-4E72-B7AE-0218120CB40E}.Debug|Any CPU.ActiveCfg = Debug|Any CPU
		{D414F42C-A667-4E72-B7AE-0218120CB40E}.Debug|Any CPU.Build.0 = Debug|Any CPU
		{D414F42C-A667-4E72-B7AE-0218120CB40E}.Release|Any CPU.ActiveCfg = Release|Any CPU
		{D414F42C-A667-4E72-B7AE-0218120CB40E}.Release|Any CPU.Build.0 = Release|Any CPU
	EndGlobalSection
	GlobalSection(SolutionProperties) = preSolution
		HideSolutionNode = FALSE
	EndGlobalSection
	GlobalSection(ExtensibilityGlobals) = postSolution
		SolutionGuid = {4CB55760-AD02-45A3-A8AE-BF412D57C4EE}
	EndGlobalSection
EndGlobal
